# Generated by buf. DO NOT EDIT.
version: v2
deps:
  - name: buf.build/googleapis/googleapis
    commit: e93e34f48be043dab55be31b4b47f458
    digest: b5:cebe5dfac5f7d67c55296f37ad9d368dba8d9862777e69d5d99eb1d72dc95fa68cd6323b483ca42cf70e66060002c1bc36e1f5f754b217a5c771c108eb243dbf
  - name: buf.build/grpc-ecosystem/grpc-gateway
    commit: a48fcebcf8f140dd9d09359b9bb185a4
    digest: b5:330af8a71b579ab96c4f3ee26929d1a68a5a9e986c7cfe0a898591fc514216bb6e723dc04c74d90fdee3f3f14f9100a54b4f079eb273e6e7213f0d5baca36ff8
